// !$*UTF8*$!
{
	archiveVersion = 1;
	classes = {
	};
	objectVersion = 46;
	objects = {

/* Begin PBXBuildFile section */
		2A80F4C115511D1100FB05A4 /* UIKit.framework in Frameworks */ = {isa = PBXBuildFile; fileRef = 2A80F4C015511D1100FB05A4 /* UIKit.framework */; };
		2A80F4C315511D1100FB05A4 /* Foundation.framework in Frameworks */ = {isa = PBXBuildFile; fileRef = 2A80F4C215511D1100FB05A4 /* Foundation.framework */; };
		2A80F4C515511D1100FB05A4 /* CoreGraphics.framework in Frameworks */ = {isa = PBXBuildFile; fileRef = 2A80F4C415511D1100FB05A4 /* CoreGraphics.framework */; };
		2A80F4CB15511D1100FB05A4 /* InfoPlist.strings in Resources */ = {isa = PBXBuildFile; fileRef = 2A80F4C915511D1100FB05A4 /* InfoPlist.strings */; };
		2A80F4CD15511D1100FB05A4 /* main.m in Sources */ = {isa = PBXBuildFile; fileRef = 2A80F4CC15511D1100FB05A4 /* main.m */; };
		2A80F4D115511D1100FB05A4 /* AppDelegate.m in Sources */ = {isa = PBXBuildFile; fileRef = 2A80F4D015511D1100FB05A4 /* AppDelegate.m */; };
		2A80F4D415511D1100FB05A4 /* MainStoryboard.storyboard in Resources */ = {isa = PBXBuildFile; fileRef = 2A80F4D215511D1100FB05A4 /* MainStoryboard.storyboard */; };
		2A80F4D715511D1100FB05A4 /* ViewController.m in Sources */ = {isa = PBXBuildFile; fileRef = 2A80F4D615511D1100FB05A4 /* ViewController.m */; };
/* End PBXBuildFile section */

/* Begin PBXFileReference section */
		2A80F4BC15511D1100FB05A4 /* word-matching.app */ = {isa = PBXFileReference; explicitFileType = wrapper.application; includeInIndex = 0; path = "word-matching.app"; sourceTree = BUILT_PRODUCTS_DIR; };
		2A80F4C015511D1100FB05A4 /* UIKit.framework */ = {isa = PBXFileReference; lastKnownFileType = wrapper.framework; name = UIKit.framework; path = System/Library/Frameworks/UIKit.framework; sourceTree = SDKROOT; };
		2A80F4C215511D1100FB05A4 /* Foundation.framework */ = {isa = PBXFileReference; lastKnownFileType = wrapper.framework; name = Foundation.framework; path = System/Library/Frameworks/Foundation.framework; sourceTree = SDKROOT; };
		2A80F4C415511D1100FB05A4 /* CoreGraphics.framework */ = {isa = PBXFileReference; lastKnownFileType = wrapper.framework; name = CoreGraphics.framework; path = System/Library/Frameworks/CoreGraphics.framework; sourceTree = SDKROOT; };
		2A80F4C815511D1100FB05A4 /* word-matching-Info.plist */ = {isa = PBXFileReference; lastKnownFileType = text.plist.xml; path = "word-matching-Info.plist"; sourceTree = "<group>"; };
		2A80F4CA15511D1100FB05A4 /* en */ = {isa = PBXFileReference; lastKnownFileType = text.plist.strings; name = en; path = en.lproj/InfoPlist.strings; sourceTree = "<group>"; };
		2A80F4CC15511D1100FB05A4 /* main.m */ = {isa = PBXFileReference; lastKnownFileType = sourcecode.c.objc; path = main.m; sourceTree = "<group>"; };
		2A80F4CE15511D1100FB05A4 /* word-matching-Prefix.pch */ = {isa = PBXFileReference; lastKnownFileType = sourcecode.c.h; path = "word-matching-Prefix.pch"; sourceTree = "<group>"; };
		2A80F4CF15511D1100FB05A4 /* AppDelegate.h */ = {isa = PBXFileReference; lastKnownFileType = sourcecode.c.h; path = AppDelegate.h; sourceTree = "<group>"; };
		2A80F4D015511D1100FB05A4 /* AppDelegate.m */ = {isa = PBXFileReference; lastKnownFileType = sourcecode.c.objc; path = AppDelegate.m; sourceTree = "<group>"; };
		2A80F4D315511D1100FB05A4 /* en */ = {isa = PBXFileReference; lastKnownFileType = file.storyboard; name = en; path = en.lproj/MainStoryboard.storyboard; sourceTree = "<group>"; };
		2A80F4D515511D1100FB05A4 /* ViewController.h */ = {isa = PBXFileReference; lastKnownFileType = sourcecode.c.h; path = ViewController.h; sourceTree = "<group>"; };
		2A80F4D615511D1100FB05A4 /* ViewController.m */ = {isa = PBXFileReference; lastKnownFileType = sourcecode.c.objc; path = ViewController.m; sourceTree = "<group>"; };
/* End PBXFileReference section */

/* Begin PBXFrameworksBuildPhase section */
		2A80F4B915511D1100FB05A4 /* Frameworks */ = {
			isa = PBXFrameworksBuildPhase;
			buildActionMask = 2147483647;
			files = (
				2A80F4C115511D1100FB05A4 /* UIKit.framework in Frameworks */,
				2A80F4C315511D1100FB05A4 /* Foundation.framework in Frameworks */,
				2A80F4C515511D1100FB05A4 /* CoreGraphics.framework in Frameworks */,
			);
			runOnlyForDeploymentPostprocessing = 0;
		};
/* End PBXFrameworksBuildPhase section */

/* Begin PBXGroup section */
		2A80F4B115511D1100FB05A4 = {
			isa = PBXGroup;
			children = (
				2A80F4C615511D1100FB05A4 /* word-matching */,
				2A80F4BF15511D1100FB05A4 /* Frameworks */,
				2A80F4BD15511D1100FB05A4 /* Products */,
			);
			sourceTree = "<group>";
		};
		2A80F4BD15511D1100FB05A4 /* Products */ = {
			isa = PBXGroup;
			children = (
				2A80F4BC15511D1100FB05A4 /* word-matching.app */,
			);
			name = Products;
			sourceTree = "<group>";
		};
		2A80F4BF15511D1100FB05A4 /* Frameworks */ = {
			isa = PBXGroup;
			children = (
				2A80F4C015511D1100FB05A4 /* UIKit.framework */,
				2A80F4C215511D1100FB05A4 /* Foundation.framework */,
				2A80F4C415511D1100FB05A4 /* CoreGraphics.framework */,
			);
			name = Frameworks;
			sourceTree = "<group>";
		};
		2A80F4C615511D1100FB05A4 /* word-matching */ = {
			isa = PBXGroup;
			children = (
				2A80F4CF15511D1100FB05A4 /* AppDelegate.h */,
				2A80F4D015511D1100FB05A4 /* AppDelegate.m */,
				2A80F4D215511D1100FB05A4 /* MainStoryboard.storyboard */,
				2A80F4D515511D1100FB05A4 /* ViewController.h */,
				2A80F4D615511D1100FB05A4 /* ViewController.m */,
				2A80F4C715511D1100FB05A4 /* Supporting Files */,
			);
			path = "word-matching";
			sourceTree = "<group>";
		};
		2A80F4C715511D1100FB05A4 /* Supporting Files */ = {
			isa = PBXGroup;
			children = (
				2A80F4C815511D1100FB05A4 /* word-matching-Info.plist */,
				2A80F4C915511D1100FB05A4 /* InfoPlist.strings */,
				2A80F4CC15511D1100FB05A4 /* main.m */,
				2A80F4CE15511D1100FB05A4 /* word-matching-Prefix.pch */,
			);
			name = "Supporting Files";
			sourceTree = "<group>";
		};
/* End PBXGroup section */

/* Begin PBXNativeTarget section */
		2A80F4BB15511D1100FB05A4 /* word-matching */ = {
			isa = PBXNativeTarget;
			buildConfigurationList = 2A80F4DA15511D1100FB05A4 /* Build configuration list for PBXNativeTarget "word-matching" */;
			buildPhases = (
				2A80F4B815511D1100FB05A4 /* Sources */,
				2A80F4B915511D1100FB05A4 /* Frameworks */,
				2A80F4BA15511D1100FB05A4 /* Resources */,
			);
			buildRules = (
			);
			dependencies = (
			);
			name = "word-matching";
			productName = "word-matching";
			productReference = 2A80F4BC15511D1100FB05A4 /* word-matching.app */;
			productType = "com.apple.product-type.application";
		};
/* End PBXNativeTarget section */

/* Begin PBXProject section */
		2A80F4B315511D1100FB05A4 /* Project object */ = {
			isa = PBXProject;
			attributes = {
				LastUpgradeCheck = 0430;
				ORGANIZATIONNAME = "Fried Chicken Legs";
			};
			buildConfigurationList = 2A80F4B615511D1100FB05A4 /* Build configuration list for PBXProject "word-matching" */;
			compatibilityVersion = "Xcode 3.2";
			developmentRegion = English;
			hasScannedForEncodings = 0;
			knownRegions = (
				en,
			);
			mainGroup = 2A80F4B115511D1100FB05A4;
			productRefGroup = 2A80F4BD15511D1100FB05A4 /* Products */;
			projectDirPath = "";
			projectRoot = "";
			targets = (
				2A80F4BB15511D1100FB05A4 /* word-matching */,
			);
		};
/* End PBXProject section */

/* Begin PBXResourcesBuildPhase section */
		2A80F4BA15511D1100FB05A4 /* Resources */ = {
			isa = PBXResourcesBuildPhase;
			buildActionMask = 2147483647;
			files = (
				2A80F4CB15511D1100FB05A4 /* InfoPlist.strings in Resources */,
				2A80F4D415511D1100FB05A4 /* MainStoryboard.storyboard in Resources */,
			);
			runOnlyForDeploymentPostprocessing = 0;
		};
/* End PBXResourcesBuildPhase section */

/* Begin PBXSourcesBuildPhase section */
		2A80F4B815511D1100FB05A4 /* Sources */ = {
			isa = PBXSourcesBuildPhase;
			buildActionMask = 2147483647;
			files = (
				2A80F4CD15511D1100FB05A4 /* main.m in Sources */,
				2A80F4D115511D1100FB05A4 /* AppDelegate.m in Sources */,
				2A80F4D715511D1100FB05A4 /* ViewController.m in Sources */,
			);
			runOnlyForDeploymentPostprocessing = 0;
		};
/* End PBXSourcesBuildPhase section */

/* Begin PBXVariantGroup section */
		2A80F4C915511D1100FB05A4 /* InfoPlist.strings */ = {
			isa = PBXVariantGroup;
			children = (
				2A80F4CA15511D1100FB05A4 /* en */,
			);
			name = InfoPlist.strings;
			sourceTree = "<group>";
		};
		2A80F4D215511D1100FB05A4 /* MainStoryboard.storyboard */ = {
			isa = PBXVariantGroup;
			children = (
				2A80F4D315511D1100FB05A4 /* en */,
			);
			name = MainStoryboard.storyboard;
			sourceTree = "<group>";
		};
/* End PBXVariantGroup section */

/* Begin XCBuildConfiguration section */
		2A80F4D815511D1100FB05A4 /* Debug */ = {
			isa = XCBuildConfiguration;
			buildSettings = {
				ALWAYS_SEARCH_USER_PATHS = NO;
				ARCHS = "$(ARCHS_STANDARD_32_BIT)";
				CLANG_ENABLE_OBJC_ARC = YES;
				"CODE_SIGN_IDENTITY[sdk=iphoneos*]" = "iPhone Developer";
				COPY_PHASE_STRIP = NO;
				GCC_C_LANGUAGE_STANDARD = gnu99;
				GCC_DYNAMIC_NO_PIC = NO;
				GCC_OPTIMIZATION_LEVEL = 0;
				GCC_PREPROCESSOR_DEFINITIONS = (
					"DEBUG=1",
					"$(inherited)",
				);
				GCC_SYMBOLS_PRIVATE_EXTERN = NO;
				GCC_VERSION = com.apple.compilers.llvm.clang.1_0;
				GCC_WARN_ABOUT_RETURN_TYPE = YES;
				GCC_WARN_UNINITIALIZED_AUTOS = YES;
				GCC_WARN_UNUSED_VARIABLE = YES;
				IPHONEOS_DEPLOYMENT_TARGET = 5.1;
				SDKROOT = iphoneos;
			};
			name = Debug;
		};
		2A80F4D915511D1100FB05A4 /* Release */ = {
			isa = XCBuildConfiguration;
			buildSettings = {
				ALWAYS_SEARCH_USER_PATHS = NO;
				ARCHS = "$(ARCHS_STANDARD_32_BIT)";
				CLANG_ENABLE_OBJC_ARC = YES;
				"CODE_SIGN_IDENTITY[sdk=iphoneos*]" = "iPhone Developer";
				COPY_PHASE_STRIP = YES;
				GCC_C_LANGUAGE_STANDARD = gnu99;
				GCC_VERSION = com.apple.compilers.llvm.clang.1_0;
				GCC_WARN_ABOUT_RETURN_TYPE = YES;
				GCC_WARN_UNINITIALIZED_AUTOS = YES;
				GCC_WARN_UNUSED_VARIABLE = YES;
				IPHONEOS_DEPLOYMENT_TARGET = 5.1;
				OTHER_CFLAGS = "-DNS_BLOCK_ASSERTIONS=1";
				SDKROOT = iphoneos;
				VALIDATE_PRODUCT = YES;
			};
			name = Release;
		};
		2A80F4DB15511D1100FB05A4 /* Debug */ = {
			isa = XCBuildConfiguration;
			buildSettings = {
				GCC_PRECOMPILE_PREFIX_HEADER = YES;
				GCC_PREFIX_HEADER = "word-matching/word-matching-Prefix.pch";
				INFOPLIST_FILE = "word-matching/word-matching-Info.plist";
				PRODUCT_NAME = "$(TARGET_NAME)";
				WRAPPER_EXTENSION = app;
			};
			name = Debug;
		};
		2A80F4DC15511D1100FB05A4 /* Release */ = {
			isa = XCBuildConfiguration;
			buildSettings = {
				GCC_PRECOMPILE_PREFIX_HEADER = YES;
				GCC_PREFIX_HEADER = "word-matching/word-matching-Prefix.pch";
				INFOPLIST_FILE = "word-matching/word-matching-Info.plist";
				PRODUCT_NAME = "$(TARGET_NAME)";
				WRAPPER_EXTENSION = app;
			};
			name = Release;
		};
/* End XCBuildConfiguration section */

/* Begin XCConfigurationList section */
		2A80F4B615511D1100FB05A4 /* Build configuration list for PBXProject "word-matching" */ = {
			isa = XCConfigurationList;
			buildConfigurations = (
				2A80F4D815511D1100FB05A4 /* Debug */,
				2A80F4D915511D1100FB05A4 /* Release */,
			);
			defaultConfigurationIsVisible = 0;
			defaultConfigurationName = Release;
		};
		2A80F4DA15511D1100FB05A4 /* Build configuration list for PBXNativeTarget "word-matching" */ = {
			isa = XCConfigurationList;
			buildConfigurations = (
				2A80F4DB15511D1100FB05A4 /* Debug */,
				2A80F4DC15511D1100FB05A4 /* Release */,
			);
			defaultConfigurationIsVisible = 0;
		};
/* End XCConfigurationList section */
	};
	rootObject = 2A80F4B315511D1100FB05A4 /* Project object */;
}
